
Microsoft Visual Studio Solution File, Format Version 12.00
# Visual Studio 15
VisualStudioVersion = 15.0.27004.2010
MinimumVisualStudioVersion = 10.0.40219.1
Project("{9A19103F-16F7-4668-BE54-9A1E7A4F7556}") = "onepoint", "onepoint\onepoint.csproj", "{EF93DE93-3CEA-4BE6-8C22-32184C0750F7}"
EndProject
Project("{E53339B2-1760-4266-BCC7-CA923CBCF16C}") = "docker-compose", "docker-compose.dcproj", "{6ACCF50D-C6C9-4A49-9FDB-7F606A5A1527}"
EndProject
Global
	GlobalSection(SolutionConfigurationPlatforms) = preSolution
		Debug|Any CPU = Debug|Any CPU
		Release|Any CPU = Release|Any CPU
	EndGlobalSection
	GlobalSection(ProjectConfigurationPlatforms) = postSolution
		{EF93DE93-3CEA-4BE6-8C22-32184C0750F7}.Debug|Any CPU.ActiveCfg = Debug|Any CPU
		{EF93DE93-3CEA-4BE6-8C22-32184C0750F7}.Debug|Any CPU.Build.0 = Debug|Any CPU
		{EF93DE93-3CEA-4BE6-8C22-32184C0750F7}.Release|Any CPU.ActiveCfg = Release|Any CPU
		{EF93DE93-3CEA-4BE6-8C22-32184C0750F7}.Release|Any CPU.Build.0 = Release|Any CPU
		{6ACCF50D-C6C9-4A49-9FDB-7F606A5A1527}.Debug|Any CPU.ActiveCfg = Debug|Any CPU
		{6ACCF50D-C6C9-4A49-9FDB-7F606A5A1527}.Release|Any CPU.ActiveCfg = Release|Any CPU
		{6ACCF50D-C6C9-4A49-9FDB-7F606A5A1527}.Release|Any CPU.Build.0 = Release|Any CPU
	EndGlobalSection
	GlobalSection(SolutionProperties) = preSolution
		HideSolutionNode = FALSE
	EndGlobalSection
	GlobalSection(ExtensibilityGlobals) = postSolution
		SolutionGuid = {891BF68C-AF1D-42E9-AA30-A6992716DAE4}
	EndGlobalSection
EndGlobal
